// !$*UTF8*$!
{
	archiveVersion = 1;
	classes = {
	};
	objectVersion = 50;
	objects = {

/* Begin PBXBuildFile section */
		F5D4919924EDDE9800D387A1 /* AppDelegate.swift in Sources */ = {isa = PBXBuildFile; fileRef = F5D4919824EDDE9800D387A1 /* AppDelegate.swift */; };
		F5D4919B24EDDE9800D387A1 /* SceneDelegate.swift in Sources */ = {isa = PBXBuildFile; fileRef = F5D4919A24EDDE9800D387A1 /* SceneDelegate.swift */; };
		F5D4919D24EDDE9800D387A1 /* ContentView.swift in Sources */ = {isa = PBXBuildFile; fileRef = F5D4919C24EDDE9800D387A1 /* ContentView.swift */; };
		F5D4919F24EDDE9900D387A1 /* Assets.xcassets in Resources */ = {isa = PBXBuildFile; fileRef = F5D4919E24EDDE9900D387A1 /* Assets.xcassets */; };
		F5D491A224EDDE9900D387A1 /* Preview Assets.xcassets in Resources */ = {isa = PBXBuildFile; fileRef = F5D491A124EDDE9900D387A1 /* Preview Assets.xcassets */; };
		F5D491A524EDDE9900D387A1 /* LaunchScreen.storyboard in Resources */ = {isa = PBXBuildFile; fileRef = F5D491A324EDDE9900D387A1 /* LaunchScreen.storyboard */; };
/* End PBXBuildFile section */

/* Begin PBXFileReference section */
		F5D4919524EDDE9800D387A1 /* webrtcsamples.app */ = {isa = PBXFileReference; explicitFileType = wrapper.application; includeInIndex = 0; path = webrtcsamples.app; sourceTree = BUILT_PRODUCTS_DIR; };
		F5D4919824EDDE9800D387A1 /* AppDelegate.swift */ = {isa = PBXFileReference; lastKnownFileType = sourcecode.swift; path = AppDelegate.swift; sourceTree = "<group>"; };
		F5D4919A24EDDE9800D387A1 /* SceneDelegate.swift */ = {isa = PBXFileReference; lastKnownFileType = sourcecode.swift; path = SceneDelegate.swift; sourceTree = "<group>"; };
		F5D4919C24EDDE9800D387A1 /* ContentView.swift */ = {isa = PBXFileReference; lastKnownFileType = sourcecode.swift; path = ContentView.swift; sourceTree = "<group>"; };
		F5D4919E24EDDE9900D387A1 /* Assets.xcassets */ = {isa = PBXFileReference; lastKnownFileType = folder.assetcatalog; path = Assets.xcassets; sourceTree = "<group>"; };
		F5D491A124EDDE9900D387A1 /* Preview Assets.xcassets */ = {isa = PBXFileReference; lastKnownFileType = folder.assetcatalog; path = "Preview Assets.xcassets"; sourceTree = "<group>"; };
		F5D491A424EDDE9900D387A1 /* Base */ = {isa = PBXFileReference; lastKnownFileType = file.storyboard; name = Base; path = Base.lproj/LaunchScreen.storyboard; sourceTree = "<group>"; };
		F5D491A624EDDE9900D387A1 /* Info.plist */ = {isa = PBXFileReference; lastKnownFileType = text.plist.xml; path = Info.plist; sourceTree = "<group>"; };
/* End PBXFileReference section */

/* Begin PBXFrameworksBuildPhase section */
		F5D4919224EDDE9800D387A1 /* Frameworks */ = {
			isa = PBXFrameworksBuildPhase;
			buildActionMask = 2147483647;
			files = (
			);
			runOnlyForDeploymentPostprocessing = 0;
		};
/* End PBXFrameworksBuildPhase section */

/* Begin PBXGroup section */
		F5D4918C24EDDE9800D387A1 = {
			isa = PBXGroup;
			children = (
				F5D4919724EDDE9800D387A1 /* webrtcsamples */,
				F5D4919624EDDE9800D387A1 /* Products */,
			);
			sourceTree = "<group>";
		};
		F5D4919624EDDE9800D387A1 /* Products */ = {
			isa = PBXGroup;
			children = (
				F5D4919524EDDE9800D387A1 /* webrtcsamples.app */,
			);
			name = Products;
			sourceTree = "<group>";
		};
		F5D4919724EDDE9800D387A1 /* webrtcsamples */ = {
			isa = PBXGroup;
			children = (
				F5D4919824EDDE9800D387A1 /* AppDelegate.swift */,
				F5D4919A24EDDE9800D387A1 /* SceneDelegate.swift */,
				F5D4919C24EDDE9800D387A1 /* ContentView.swift */,
				F5D4919E24EDDE9900D387A1 /* Assets.xcassets */,
				F5D491A324EDDE9900D387A1 /* LaunchScreen.storyboard */,
				F5D491A624EDDE9900D387A1 /* Info.plist */,
				F5D491A024EDDE9900D387A1 /* Preview Content */,
			);
			path = webrtcsamples;
			sourceTree = "<group>";
		};
		F5D491A024EDDE9900D387A1 /* Preview Content */ = {
			isa = PBXGroup;
			children = (
				F5D491A124EDDE9900D387A1 /* Preview Assets.xcassets */,
			);
			path = "Preview Content";
			sourceTree = "<group>";
		};
/* End PBXGroup section */

/* Begin PBXNativeTarget section */
		F5D4919424EDDE9800D387A1 /* webrtcsamples */ = {
			isa = PBXNativeTarget;
			buildConfigurationList = F5D491A924EDDE9900D387A1 /* Build configuration list for PBXNativeTarget "webrtcsamples" */;
			buildPhases = (
				F5D4919124EDDE9800D387A1 /* Sources */,
				F5D4919224EDDE9800D387A1 /* Frameworks */,
				F5D4919324EDDE9800D387A1 /* Resources */,
			);
			buildRules = (
			);
			dependencies = (
			);
			name = webrtcsamples;
			productName = webrtcsamples;
			productReference = F5D4919524EDDE9800D387A1 /* webrtcsamples.app */;
			productType = "com.apple.product-type.application";
		};
/* End PBXNativeTarget section */

/* Begin PBXProject section */
		F5D4918D24EDDE9800D387A1 /* Project object */ = {
			isa = PBXProject;
			attributes = {
				LastSwiftUpdateCheck = 1160;
				LastUpgradeCheck = 1160;
				ORGANIZATIONNAME = "Qifan YANG";
				TargetAttributes = {
					F5D4919424EDDE9800D387A1 = {
						CreatedOnToolsVersion = 11.6;
					};
				};
			};
			buildConfigurationList = F5D4919024EDDE9800D387A1 /* Build configuration list for PBXProject "webrtcsamples" */;
			compatibilityVersion = "Xcode 9.3";
			developmentRegion = en;
			hasScannedForEncodings = 0;
			knownRegions = (
				en,
				Base,
			);
			mainGroup = F5D4918C24EDDE9800D387A1;
			productRefGroup = F5D4919624EDDE9800D387A1 /* Products */;
			projectDirPath = "";
			projectRoot = "";
			targets = (
				F5D4919424EDDE9800D387A1 /* webrtcsamples */,
			);
		};
/* End PBXProject section */

/* Begin PBXResourcesBuildPhase section */
		F5D4919324EDDE9800D387A1 /* Resources */ = {
			isa = PBXResourcesBuildPhase;
			buildActionMask = 2147483647;
			files = (
				F5D491A524EDDE9900D387A1 /* LaunchScreen.storyboard in Resources */,
				F5D491A224EDDE9900D387A1 /* Preview Assets.xcassets in Resources */,
				F5D4919F24EDDE9900D387A1 /* Assets.xcassets in Resources */,
			);
			runOnlyForDeploymentPostprocessing = 0;
		};
/* End PBXResourcesBuildPhase section */

/* Begin PBXSourcesBuildPhase section */
		F5D4919124EDDE9800D387A1 /* Sources */ = {
			isa = PBXSourcesBuildPhase;
			buildActionMask = 2147483647;
			files = (
				F5D4919924EDDE9800D387A1 /* AppDelegate.swift in Sources */,
				F5D4919B24EDDE9800D387A1 /* SceneDelegate.swift in Sources */,
				F5D4919D24EDDE9800D387A1 /* ContentView.swift in Sources */,
			);
			runOnlyForDeploymentPostprocessing = 0;
		};
/* End PBXSourcesBuildPhase section */

/* Begin PBXVariantGroup section */
		F5D491A324EDDE9900D387A1 /* LaunchScreen.storyboard */ = {
			isa = PBXVariantGroup;
			children = (
				F5D491A424EDDE9900D387A1 /* Base */,
			);
			name = LaunchScreen.storyboard;
			sourceTree = "<group>";
		};
/* End PBXVariantGroup section */

/* Begin XCBuildConfiguration section */
		F5D491A724EDDE9900D387A1 /* Debug */ = {
			isa = XCBuildConfiguration;
			buildSettings = {
				ALWAYS_SEARCH_USER_PATHS = NO;
				CLANG_ANALYZER_NONNULL = YES;
				CLANG_ANALYZER_NUMBER_OBJECT_CONVERSION = YES_AGGRESSIVE;
				CLANG_CXX_LANGUAGE_STANDARD = "gnu++14";
				CLANG_CXX_LIBRARY = "libc++";
				CLANG_ENABLE_MODULES = YES;
				CLANG_ENABLE_OBJC_ARC = YES;
				CLANG_ENABLE_OBJC_WEAK = YES;
				CLANG_WARN_BLOCK_CAPTURE_AUTORELEASING = YES;
				CLANG_WARN_BOOL_CONVERSION = YES;
				CLANG_WARN_COMMA = YES;
				CLANG_WARN_CONSTANT_CONVERSION = YES;
				CLANG_WARN_DEPRECATED_OBJC_IMPLEMENTATIONS = YES;
				CLANG_WARN_DIRECT_OBJC_ISA_USAGE = YES_ERROR;
				CLANG_WARN_DOCUMENTATION_COMMENTS = YES;
				CLANG_WARN_EMPTY_BODY = YES;
				CLANG_WARN_ENUM_CONVERSION = YES;
				CLANG_WARN_INFINITE_RECURSION = YES;
				CLANG_WARN_INT_CONVERSION = YES;
				CLANG_WARN_NON_LITERAL_NULL_CONVERSION = YES;
				CLANG_WARN_OBJC_IMPLICIT_RETAIN_SELF = YES;
				CLANG_WARN_OBJC_LITERAL_CONVERSION = YES;
				CLANG_WARN_OBJC_ROOT_CLASS = YES_ERROR;
				CLANG_WARN_RANGE_LOOP_ANALYSIS = YES;
				CLANG_WARN_STRICT_PROTOTYPES = YES;
				CLANG_WARN_SUSPICIOUS_MOVE = YES;
				CLANG_WARN_UNGUARDED_AVAILABILITY = YES_AGGRESSIVE;
				CLANG_WARN_UNREACHABLE_CODE = YES;
				CLANG_WARN__DUPLICATE_METHOD_MATCH = YES;
				COPY_PHASE_STRIP = NO;
				DEBUG_INFORMATION_FORMAT = dwarf;
				ENABLE_STRICT_OBJC_MSGSEND = YES;
				ENABLE_TESTABILITY = YES;
				GCC_C_LANGUAGE_STANDARD = gnu11;
				GCC_DYNAMIC_NO_PIC = NO;
				GCC_NO_COMMON_BLOCKS = YES;
				GCC_OPTIMIZATION_LEVEL = 0;
				GCC_PREPROCESSOR_DEFINITIONS = (
					"DEBUG=1",
					"$(inherited)",
				);
				GCC_WARN_64_TO_32_BIT_CONVERSION = YES;
				GCC_WARN_ABOUT_RETURN_TYPE = YES_ERROR;
				GCC_WARN_UNDECLARED_SELECTOR = YES;
				GCC_WARN_UNINITIALIZED_AUTOS = YES_AGGRESSIVE;
				GCC_WARN_UNUSED_FUNCTION = YES;
				GCC_WARN_UNUSED_VARIABLE = YES;
				IPHONEOS_DEPLOYMENT_TARGET = 13.6;
				MTL_ENABLE_DEBUG_INFO = INCLUDE_SOURCE;
				MTL_FAST_MATH = YES;
				ONLY_ACTIVE_ARCH = YES;
				SDKROOT = iphoneos;
				SWIFT_ACTIVE_COMPILATION_CONDITIONS = DEBUG;
				SWIFT_OPTIMIZATION_LEVEL = "-Onone";
			};
			name = Debug;
		};
		F5D491A824EDDE9900D387A1 /* Release */ = {
			isa = XCBuildConfiguration;
			buildSettings = {
				ALWAYS_SEARCH_USER_PATHS = NO;
				CLANG_ANALYZER_NONNULL = YES;
				CLANG_ANALYZER_NUMBER_OBJECT_CONVERSION = YES_AGGRESSIVE;
				CLANG_CXX_LANGUAGE_STANDARD = "gnu++14";
				CLANG_CXX_LIBRARY = "libc++";
				CLANG_ENABLE_MODULES = YES;
				CLANG_ENABLE_OBJC_ARC = YES;
				CLANG_ENABLE_OBJC_WEAK = YES;
				CLANG_WARN_BLOCK_CAPTURE_AUTORELEASING = YES;
				CLANG_WARN_BOOL_CONVERSION = YES;
				CLANG_WARN_COMMA = YES;
				CLANG_WARN_CONSTANT_CONVERSION = YES;
				CLANG_WARN_DEPRECATED_OBJC_IMPLEMENTATIONS = YES;
				CLANG_WARN_DIRECT_OBJC_ISA_USAGE = YES_ERROR;
				CLANG_WARN_DOCUMENTATION_COMMENTS = YES;
				CLANG_WARN_EMPTY_BODY = YES;
				CLANG_WARN_ENUM_CONVERSION = YES;
				CLANG_WARN_INFINITE_RECURSION = YES;
				CLANG_WARN_INT_CONVERSION = YES;
				CLANG_WARN_NON_LITERAL_NULL_CONVERSION = YES;
				CLANG_WARN_OBJC_IMPLICIT_RETAIN_SELF = YES;
				CLANG_WARN_OBJC_LITERAL_CONVERSION = YES;
				CLANG_WARN_OBJC_ROOT_CLASS = YES_ERROR;
				CLANG_WARN_RANGE_LOOP_ANALYSIS = YES;
				CLANG_WARN_STRICT_PROTOTYPES = YES;
				CLANG_WARN_SUSPICIOUS_MOVE = YES;
				CLANG_WARN_UNGUARDED_AVAILABILITY = YES_AGGRESSIVE;
				CLANG_WARN_UNREACHABLE_CODE = YES;
				CLANG_WARN__DUPLICATE_METHOD_MATCH = YES;
				COPY_PHASE_STRIP = NO;
				DEBUG_INFORMATION_FORMAT = "dwarf-with-dsym";
				ENABLE_NS_ASSERTIONS = NO;
				ENABLE_STRICT_OBJC_MSGSEND = YES;
				GCC_C_LANGUAGE_STANDARD = gnu11;
				GCC_NO_COMMON_BLOCKS = YES;
				GCC_WARN_64_TO_32_BIT_CONVERSION = YES;
				GCC_WARN_ABOUT_RETURN_TYPE = YES_ERROR;
				GCC_WARN_UNDECLARED_SELECTOR = YES;
				GCC_WARN_UNINITIALIZED_AUTOS = YES_AGGRESSIVE;
				GCC_WARN_UNUSED_FUNCTION = YES;
				GCC_WARN_UNUSED_VARIABLE = YES;
				IPHONEOS_DEPLOYMENT_TARGET = 13.6;
				MTL_ENABLE_DEBUG_INFO = NO;
				MTL_FAST_MATH = YES;
				SDKROOT = iphoneos;
				SWIFT_COMPILATION_MODE = wholemodule;
				SWIFT_OPTIMIZATION_LEVEL = "-O";
				VALIDATE_PRODUCT = YES;
			};
			name = Release;
		};
		F5D491AA24EDDE9900D387A1 /* Debug */ = {
			isa = XCBuildConfiguration;
			buildSettings = {
				ASSETCATALOG_COMPILER_APPICON_NAME = AppIcon;
				CODE_SIGN_STYLE = Automatic;
				DEVELOPMENT_ASSET_PATHS = "\"webrtcsamples/Preview Content\"";
				ENABLE_PREVIEWS = YES;
				INFOPLIST_FILE = webrtcsamples/Info.plist;
				LD_RUNPATH_SEARCH_PATHS = (
					"$(inherited)",
					"@executable_path/Frameworks",
				);
				PRODUCT_BUNDLE_IDENTIFIER = com.qifan.webrtcsamples;
				PRODUCT_NAME = "$(TARGET_NAME)";
				SWIFT_VERSION = 5.0;
				TARGETED_DEVICE_FAMILY = "1,2";
			};
			name = Debug;
		};
		F5D491AB24EDDE9900D387A1 /* Release */ = {
			isa = XCBuildConfiguration;
			buildSettings = {
				ASSETCATALOG_COMPILER_APPICON_NAME = AppIcon;
				CODE_SIGN_STYLE = Automatic;
				DEVELOPMENT_ASSET_PATHS = "\"webrtcsamples/Preview Content\"";
				ENABLE_PREVIEWS = YES;
				INFOPLIST_FILE = webrtcsamples/Info.plist;
				LD_RUNPATH_SEARCH_PATHS = (
					"$(inherited)",
					"@executable_path/Frameworks",
				);
				PRODUCT_BUNDLE_IDENTIFIER = com.qifan.webrtcsamples;
				PRODUCT_NAME = "$(TARGET_NAME)";
				SWIFT_VERSION = 5.0;
				TARGETED_DEVICE_FAMILY = "1,2";
			};
			name = Release;
		};
/* End XCBuildConfiguration section */

/* Begin XCConfigurationList section */
		F5D4919024EDDE9800D387A1 /* Build configuration list for PBXProject "webrtcsamples" */ = {
			isa = XCConfigurationList;
			buildConfigurations = (
				F5D491A724EDDE9900D387A1 /* Debug */,
				F5D491A824EDDE9900D387A1 /* Release */,
			);
			defaultConfigurationIsVisible = 0;
			defaultConfigurationName = Release;
		};
		F5D491A924EDDE9900D387A1 /* Build configuration list for PBXNativeTarget "webrtcsamples" */ = {
			isa = XCConfigurationList;
			buildConfigurations = (
				F5D491AA24EDDE9900D387A1 /* Debug */,
				F5D491AB24EDDE9900D387A1 /* Release */,
			);
			defaultConfigurationIsVisible = 0;
			defaultConfigurationName = Release;
		};
/* End XCConfigurationList section */
	};
	rootObject = F5D4918D24EDDE9800D387A1 /* Project object */;
}
